
Microsoft Visual Studio Solution File, Format Version 12.00
# Visual Studio Version 17
VisualStudioVersion = 17.6.33723.286
MinimumVisualStudioVersion = 10.0.40219.1
Project("{FAE04EC0-301F-11D3-BF4B-00C04F79EFBC}") = "FactorialCalculator", "FactorialCalculator\FactorialCalculator.csproj", "{43FDCA67-42C9-4578-9F80-37215DE2169C}"
EndProject
Global
	GlobalSection(SolutionConfigurationPlatforms) = preSolution
		Debug|Any CPU = Debug|Any CPU
		Release|Any CPU = Release|Any CPU
	EndGlobalSection
	GlobalSection(ProjectConfigurationPlatforms) = postSolution
		{43FDCA67-42C9-4578-9F80-37215DE2169C}.Debug|Any CPU.ActiveCfg = Debug|Any CPU
		{43FDCA67-42C9-4578-9F80-37215DE2169C}.Debug|Any CPU.Build.0 = Debug|Any CPU
		{43FDCA67-42C9-4578-9F80-37215DE2169C}.Release|Any CPU.ActiveCfg = Release|Any CPU
		{43FDCA67-42C9-4578-9F80-37215DE2169C}.Release|Any CPU.Build.0 = Release|Any CPU
	EndGlobalSection
	GlobalSection(SolutionProperties) = preSolution
		HideSolutionNode = FALSE
	EndGlobalSection
	GlobalSection(ExtensibilityGlobals) = postSolution
		SolutionGuid = {100A05C9-148F-49FC-8D06-6DD40E2366AB}
	EndGlobalSection
EndGlobal
